
Microsoft Visual Studio Solution File, Format Version 12.00
# Visual Studio Version 16
VisualStudioVersion = 16.0.32602.291
MinimumVisualStudioVersion = 10.0.40219.1
Project("{9A19103F-16F7-4668-BE54-9A1E7A4F7556}") = "BloggingSite_RazorPages_StoredProcedure", "BloggingSite_RazorPages_StoredProcedure\BloggingSite_RazorPages_StoredProcedure.csproj", "{472502A8-CC1F-4EEE-92BC-47C32909A46A}"
EndProject
Project("{9A19103F-16F7-4668-BE54-9A1E7A4F7556}") = "ProjectWith_AzureFunction", "ProjectWith_AzureFunction\ProjectWith_AzureFunction.csproj", "{7BC96B18-796D-4C9F-BCF4-D60BA8464953}"
EndProject
Global
	GlobalSection(SolutionConfigurationPlatforms) = preSolution
		Debug|Any CPU = Debug|Any CPU
		Release|Any CPU = Release|Any CPU
	EndGlobalSection
	GlobalSection(ProjectConfigurationPlatforms) = postSolution
		{472502A8-CC1F-4EEE-92BC-47C32909A46A}.Debug|Any CPU.ActiveCfg = Debug|Any CPU
		{472502A8-CC1F-4EEE-92BC-47C32909A46A}.Debug|Any CPU.Build.0 = Debug|Any CPU
		{472502A8-CC1F-4EEE-92BC-47C32909A46A}.Release|Any CPU.ActiveCfg = Release|Any CPU
		{472502A8-CC1F-4EEE-92BC-47C32909A46A}.Release|Any CPU.Build.0 = Release|Any CPU
		{7BC96B18-796D-4C9F-BCF4-D60BA8464953}.Debug|Any CPU.ActiveCfg = Debug|Any CPU
		{7BC96B18-796D-4C9F-BCF4-D60BA8464953}.Debug|Any CPU.Build.0 = Debug|Any CPU
		{7BC96B18-796D-4C9F-BCF4-D60BA8464953}.Release|Any CPU.ActiveCfg = Release|Any CPU
		{7BC96B18-796D-4C9F-BCF4-D60BA8464953}.Release|Any CPU.Build.0 = Release|Any CPU
	EndGlobalSection
	GlobalSection(SolutionProperties) = preSolution
		HideSolutionNode = FALSE
	EndGlobalSection
	GlobalSection(ExtensibilityGlobals) = postSolution
		SolutionGuid = {147625B5-7B83-4460-88E6-4F981D4956D9}
	EndGlobalSection
EndGlobal
